
Microsoft Visual Studio Solution File, Format Version 12.00
# Visual Studio Version 17
VisualStudioVersion = 17.6.33829.357
MinimumVisualStudioVersion = 10.0.40219.1
Project("{888888A0-9F3D-457C-B088-3A5042F75D52}") = "ASM2Skool", "ASM2Skool.pyproj", "{3F6FDE2D-E497-41B8-8949-033F3155ABB1}"
EndProject
Global
	GlobalSection(SolutionConfigurationPlatforms) = preSolution
		Debug|Any CPU = Debug|Any CPU
		Release|Any CPU = Release|Any CPU
	EndGlobalSection
	GlobalSection(ProjectConfigurationPlatforms) = postSolution
		{3F6FDE2D-E497-41B8-8949-033F3155ABB1}.Debug|Any CPU.ActiveCfg = Debug|Any CPU
		{3F6FDE2D-E497-41B8-8949-033F3155ABB1}.Release|Any CPU.ActiveCfg = Release|Any CPU
	EndGlobalSection
	GlobalSection(SolutionProperties) = preSolution
		HideSolutionNode = FALSE
	EndGlobalSection
	GlobalSection(ExtensibilityGlobals) = postSolution
		SolutionGuid = {076DD8B0-CBD0-4E77-AA75-5948FED696F7}
	EndGlobalSection
EndGlobal
