<?xml version="1.0" encoding="utf-8"?>
<Project ToolsVersion="4.0" xmlns="http://schemas.microsoft.com/developer/msbuild/2003">
  <ItemGroup>
    <Filter Include="Source Files">
      <UniqueIdentifier>{4FC737F1-C7A5-4376-A066-2A32D752A2FF}</UniqueIdentifier>
      <Extensions>cpp;c;cc;cxx;def;odl;idl;hpj;bat;asm;asmx</Extensions>
    </Filter>
    <Filter Include="Header Files">
      <UniqueIdentifier>{93995380-89BD-4b04-88EB-625FBE52EBFB}</UniqueIdentifier>
      <Extensions>h;hh;hpp;hxx;hm;inl;inc;ipp;xsd</Extensions>
    </Filter>
    <Filter Include="Resource Files">
      <UniqueIdentifier>{67DA6AB6-F800-4c08-8B7A-83BB121AAD01}</UniqueIdentifier>
      <Extensions>rc;ico;cur;bmp;dlg;rc2;rct;bin;rgs;gif;jpg;jpeg;jpe;resx;tiff;tif;png;wav;mfcribbon-ms</Extensions>
    </Filter>
    <Filter Include="Source Files\ImGui">
      <UniqueIdentifier>{f92d6599-d068-479f-9eaf-34f39500814d}</UniqueIdentifier>
    </Filter>
    <Filter Include="Source Files\chips">
      <UniqueIdentifier>{c4eee8a6-b42d-4970-ba6c-e6a603e2a802}</UniqueIdentifier>
    </Filter>
    <Filter Include="Source Files\chips\ui">
      <UniqueIdentifier>{8725302e-da3a-4632-a30e-d9734ec13cc0}</UniqueIdentifier>
    </Filter>
    <Filter Include="Source Files\chips\chips">
      <UniqueIdentifier>{747ac3b7-017c-4c7a-a92d-abac9e62e6fc}</UniqueIdentifier>
    </Filter>
    <Filter Include="Source Files\chips\codegen">
      <UniqueIdentifier>{cba63dea-c3bf-4bdb-87e7-76789821e064}</UniqueIdentifier>
    </Filter>
    <Filter Include="Source Files\chips\systems">
      <UniqueIdentifier>{4e1b7155-7d10-4616-ab15-4764e68f1ed2}</UniqueIdentifier>
    </Filter>
    <Filter Include="Source Files\chips\util">
      <UniqueIdentifier>{3210435f-80c3-4901-bbf4-0b753d5a2afa}</UniqueIdentifier>
    </Filter>
    <Filter Include="Source Files\UI">
      <UniqueIdentifier>{c6960d9f-138c-49b0-8273-a2b84bdd3a92}</UniqueIdentifier>
    </Filter>
    <Filter Include="Source Files\Speccy">
      <UniqueIdentifier>{c6110ae3-aea2-496c-b2da-1ee7c7a04ec9}</UniqueIdentifier>
    </Filter>
    <Filter Include="Source Files\UI\GameViewers">
      <UniqueIdentifier>{971a47f7-a713-4a08-a416-4fdcd6812e97}</UniqueIdentifier>
    </Filter>
    <Filter Include="Source Files\Shared">
      <UniqueIdentifier>{746d0738-bb42-4549-8d40-22d3c29cbf2d}</UniqueIdentifier>
    </Filter>
    <Filter Include="Source Files\Shared\ImGuiSupport">
      <UniqueIdentifier>{ce59fc4b-a266-4cd4-9e16-32c5ce48c284}</UniqueIdentifier>
    </Filter>
    <Filter Include="Source Files\Shared\CodeAnalyser">
      <UniqueIdentifier>{49b62a18-c001-4f6c-96cc-fd0b4aba2098}</UniqueIdentifier>
    </Filter>
    <Filter Include="Source Files\Shared\CodeAnalyser\Z80">
      <UniqueIdentifier>{4dc253f2-8bc3-4a5a-9c92-a7a20cae7ee5}</UniqueIdentifier>
    </Filter>
    <Filter Include="Source Files\Shared\CodeAnalyser\6502">
      <UniqueIdentifier>{c2e3bf5e-e527-4fb1-a087-12b1a6928ace}</UniqueIdentifier>
    </Filter>
    <Filter Include="Source Files\Shared\Util">
      <UniqueIdentifier>{cd946241-390d-42bb-a0db-cb161e2f7f10}</UniqueIdentifier>
    </Filter>
    <Filter Include="Source Files\Shared\Util\Win32">
      <UniqueIdentifier>{862f25a7-13bd-4241-ad1d-5ce10ecff67f}</UniqueIdentifier>
    </Filter>
    <Filter Include="Source Files\UI\Viewers">
      <UniqueIdentifier>{c9ababe9-8915-42a6-98a4-02b0a749a660}</UniqueIdentifier>
    </Filter>
    <Filter Include="Source Files\UI\SnapshotLoaders">
      <UniqueIdentifier>{82368abc-dbbe-455f-a808-2da24cbff7ce}</UniqueIdentifier>
    </Filter>
    <Filter Include="Source Files\UI\Exporters">
      <UniqueIdentifier>{0d891ad6-6da1-4022-ad42-915cd5c9f904}</UniqueIdentifier>
    </Filter>
  </ItemGroup>
  <ItemGroup>
    <ClCompile Include="..\..\Source\main.cpp">
      <Filter>Source Files</Filter>
    </ClCompile>
    <ClCompile Include="..\..\Source\Vendor\imgui-docking\imgui.cpp">
      <Filter>Source Files\ImGui</Filter>
    </ClCompile>
    <ClCompile Include="..\..\Source\Vendor\imgui-docking\imgui_demo.cpp">
      <Filter>Source Files\ImGui</Filter>
    </ClCompile>
    <ClCompile Include="..\..\Source\Vendor\imgui-docking\imgui_draw.cpp">
      <Filter>Source Files\ImGui</Filter>
    </ClCompile>
    <ClCompile Include="..\..\Source\Vendor\imgui-docking\imgui_widgets.cpp">
      <Filter>Source Files\ImGui</Filter>
    </ClCompile>
    <ClCompile Include="..\..\Source\Speccy\Speccy.cpp">
      <Filter>Source Files\Speccy</Filter>
    </ClCompile>
    <ClCompile Include="..\..\Source\UI\SpeccyUI.cpp">
      <Filter>Source Files\UI</Filter>
    </ClCompile>
    <ClCompile Include="..\..\Source\Speccy\ChipsImpl.cpp">
      <Filter>Source Files\Speccy</Filter>
    </ClCompile>
    <ClCompile Include="..\..\Source\UI\GameViewers\StarquakeViewer.cpp">
      <Filter>Source Files\UI\GameViewers</Filter>
    </ClCompile>
    <ClCompile Include="..\..\Source\UI\GameViewers\GameViewer.cpp">
      <Filter>Source Files\UI\GameViewers</Filter>
    </ClCompile>
    <ClCompile Include="..\..\Source\UI\GameViewers\MiscGameViewers.cpp">
      <Filter>Source Files\UI\GameViewers</Filter>
    </ClCompile>
    <ClCompile Include="..\..\Source\UI\GameConfig.cpp">
      <Filter>Source Files\UI</Filter>
    </ClCompile>
    <ClCompile Include="..\..\Source\UI\MemoryHandlers.cpp">
      <Filter>Source Files\UI</Filter>
    </ClCompile>
    <ClCompile Include="..\..\Source\Vendor\imgui-docking\misc\cpp\imgui_stdlib.cpp">
      <Filter>Source Files\ImGui</Filter>
    </ClCompile>
    <ClCompile Include="..\..\Source\UI\FunctionHandlers.cpp">
      <Filter>Source Files\UI</Filter>
    </ClCompile>
    <ClCompile Include="..\..\Source\UI\Disassembler.cpp">
      <Filter>Source Files\UI</Filter>
    </ClCompile>
    <ClCompile Include="..\..\Source\UI\IOAnalysis.cpp">
      <Filter>Source Files\UI</Filter>
    </ClCompile>
    <ClCompile Include="..\..\Source\Shared\ImGuiSupport\imgui_impl_dx11.cpp">
      <Filter>Source Files\Shared\ImGuiSupport</Filter>
    </ClCompile>
    <ClCompile Include="..\..\Source\Shared\ImGuiSupport\imgui_impl_lucidextra.cpp">
      <Filter>Source Files\Shared\ImGuiSupport</Filter>
    </ClCompile>
    <ClCompile Include="..\..\Source\Shared\ImGuiSupport\imgui_impl_win32.cpp">
      <Filter>Source Files\Shared\ImGuiSupport</Filter>
    </ClCompile>
    <ClCompile Include="..\..\Source\Shared\CodeAnalyser\CodeAnalyser.cpp">
      <Filter>Source Files\Shared\CodeAnalyser</Filter>
    </ClCompile>
    <ClCompile Include="..\..\Source\Shared\CodeAnalyser\CodeAnalyserUI.cpp">
      <Filter>Source Files\Shared\CodeAnalyser</Filter>
    </ClCompile>
    <ClCompile Include="..\..\Source\Shared\CodeAnalyser\CodeToolTips.cpp">
      <Filter>Source Files\Shared\CodeAnalyser</Filter>
    </ClCompile>
    <ClCompile Include="..\..\Source\Shared\CodeAnalyser\6502\CodeAnalyser6502.cpp">
      <Filter>Source Files\Shared\CodeAnalyser\6502</Filter>
    </ClCompile>
    <ClCompile Include="..\..\Source\Shared\CodeAnalyser\6502\CodeToolTips6502.cpp">
      <Filter>Source Files\Shared\CodeAnalyser\6502</Filter>
    </ClCompile>
    <ClCompile Include="..\..\Source\Shared\CodeAnalyser\Z80\CodeAnalyserZ80.cpp">
      <Filter>Source Files\Shared\CodeAnalyser\Z80</Filter>
    </ClCompile>
    <ClCompile Include="..\..\Source\Shared\CodeAnalyser\Z80\CodeToolTipsZ80.cpp">
      <Filter>Source Files\Shared\CodeAnalyser\Z80</Filter>
    </ClCompile>
    <ClCompile Include="..\..\Source\Shared\CodeAnalyser\CodeAnaysisPage.cpp">
      <Filter>Source Files\Shared\CodeAnalyser</Filter>
    </ClCompile>
    <ClCompile Include="..\..\Source\Shared\Util\FileUtil.cpp">
      <Filter>Source Files\Shared\Util</Filter>
    </ClCompile>
    <ClCompile Include="..\..\Source\Shared\Util\Win32\FileUtil_Win32.cpp">
      <Filter>Source Files\Shared\Util\Win32</Filter>
    </ClCompile>
    <ClCompile Include="..\..\Source\Shared\Util\MemoryBuffer.cpp">
      <Filter>Source Files\Shared\Util</Filter>
    </ClCompile>
    <ClCompile Include="..\..\Source\Shared\Util\GraphicsView.cpp">
      <Filter>Source Files\Shared\Util</Filter>
    </ClCompile>
    <ClCompile Include="..\..\Source\UI\Viewers\SpectrumViewer.cpp">
      <Filter>Source Files\UI\Viewers</Filter>
    </ClCompile>
    <ClCompile Include="..\..\Source\UI\Viewers\SpriteViewer.cpp">
      <Filter>Source Files\UI\Viewers</Filter>
    </ClCompile>
    <ClCompile Include="..\..\Source\UI\Viewers\FrameTraceViewer.cpp">
      <Filter>Source Files\UI\Viewers</Filter>
    </ClCompile>
    <ClCompile Include="..\..\Source\UI\Viewers\GraphicsViewer.cpp">
      <Filter>Source Files\UI\Viewers</Filter>
    </ClCompile>
    <ClCompile Include="..\..\Source\UI\SnapshotLoaders\GamesList.cpp">
      <Filter>Source Files\UI\SnapshotLoaders</Filter>
    </ClCompile>
    <ClCompile Include="..\..\Source\UI\SnapshotLoaders\Z80Loader.cpp">
      <Filter>Source Files\UI\SnapshotLoaders</Filter>
    </ClCompile>
    <ClCompile Include="..\..\Source\UI\SnapshotLoaders\SNALoader.cpp">
      <Filter>Source Files\UI\SnapshotLoaders</Filter>
    </ClCompile>
    <ClCompile Include="..\..\Source\UI\Exporters\SkoolkitExporter.cpp">
      <Filter>Source Files\UI\Exporters</Filter>
    </ClCompile>
  </ItemGroup>
  <ItemGroup>
    <ClInclude Include="..\..\Source\Vendor\imgui-docking\imstb_truetype.h">
      <Filter>Source Files\ImGui</Filter>
    </ClInclude>
    <ClInclude Include="..\..\Source\Vendor\imgui-docking\imconfig.h">
      <Filter>Source Files\ImGui</Filter>
    </ClInclude>
    <ClInclude Include="..\..\Source\Vendor\imgui-docking\imgui.h">
      <Filter>Source Files\ImGui</Filter>
    </ClInclude>
    <ClInclude Include="..\..\Source\Vendor\imgui-docking\imgui_internal.h">
      <Filter>Source Files\ImGui</Filter>
    </ClInclude>
    <ClInclude Include="..\..\Source\Vendor\imgui-docking\imstb_rectpack.h">
      <Filter>Source Files\ImGui</Filter>
    </ClInclude>
    <ClInclude Include="..\..\Source\Vendor\imgui-docking\imstb_textedit.h">
      <Filter>Source Files\ImGui</Filter>
    </ClInclude>
    <ClInclude Include="..\..\Source\Vendor\chips\util\m6502dasm.h">
      <Filter>Source Files\chips\util</Filter>
    </ClInclude>
    <ClInclude Include="..\..\Source\Vendor\chips\util\z80dasm.h">
      <Filter>Source Files\chips\util</Filter>
    </ClInclude>
    <ClInclude Include="..\..\Source\Vendor\chips\ui\ui_ay38910.h">
      <Filter>Source Files\chips\ui</Filter>
    </ClInclude>
    <ClInclude Include="..\..\Source\Vendor\chips\ui\ui_bombjack.h">
      <Filter>Source Files\chips\ui</Filter>
    </ClInclude>
    <ClInclude Include="..\..\Source\Vendor\chips\ui\ui_c64.h">
      <Filter>Source Files\chips\ui</Filter>
    </ClInclude>
    <ClInclude Include="..\..\Source\Vendor\chips\ui\ui_chip.h">
      <Filter>Source Files\chips\ui</Filter>
    </ClInclude>
    <ClInclude Include="..\..\Source\Vendor\chips\ui\ui_cpc.h">
      <Filter>Source Files\chips\ui</Filter>
    </ClInclude>
    <ClInclude Include="..\..\Source\Vendor\chips\ui\ui_dasm.h">
      <Filter>Source Files\chips\ui</Filter>
    </ClInclude>
    <ClInclude Include="..\..\Source\Vendor\chips\ui\ui_dbg.h">
      <Filter>Source Files\chips\ui</Filter>
    </ClInclude>
    <ClInclude Include="..\..\Source\Vendor\chips\ui\ui_fdd.h">
      <Filter>Source Files\chips\ui</Filter>
    </ClInclude>
    <ClInclude Include="..\..\Source\Vendor\chips\ui\ui_i8255.h">
      <Filter>Source Files\chips\ui</Filter>
    </ClInclude>
    <ClInclude Include="..\..\Source\Vendor\chips\ui\ui_kbd.h">
      <Filter>Source Files\chips\ui</Filter>
    </ClInclude>
    <ClInclude Include="..\..\Source\Vendor\chips\ui\ui_kc85.h">
      <Filter>Source Files\chips\ui</Filter>
    </ClInclude>
    <ClInclude Include="..\..\Source\Vendor\chips\ui\ui_kc85sys.h">
      <Filter>Source Files\chips\ui</Filter>
    </ClInclude>
    <ClInclude Include="..\..\Source\Vendor\chips\ui\ui_lc80.h">
      <Filter>Source Files\chips\ui</Filter>
    </ClInclude>
    <ClInclude Include="..\..\Source\Vendor\chips\ui\ui_m6502.h">
      <Filter>Source Files\chips\ui</Filter>
    </ClInclude>
    <ClInclude Include="..\..\Source\Vendor\chips\ui\ui_m6522.h">
      <Filter>Source Files\chips\ui</Filter>
    </ClInclude>
    <ClInclude Include="..\..\Source\Vendor\chips\ui\ui_m6526.h">
      <Filter>Source Files\chips\ui</Filter>
    </ClInclude>
    <ClInclude Include="..\..\Source\Vendor\chips\ui\ui_m6569.h">
      <Filter>Source Files\chips\ui</Filter>
    </ClInclude>
    <ClInclude Include="..\..\Source\Vendor\chips\ui\ui_m6581.h">
      <Filter>Source Files\chips\ui</Filter>
    </ClInclude>
    <ClInclude Include="..\..\Source\Vendor\chips\ui\ui_mc6845.h">
      <Filter>Source Files\chips\ui</Filter>
    </ClInclude>
    <ClInclude Include="..\..\Source\Vendor\chips\ui\ui_mc6847.h">
      <Filter>Source Files\chips\ui</Filter>
    </ClInclude>
    <ClInclude Include="..\..\Source\Vendor\chips\ui\ui_memedit.h">
      <Filter>Source Files\chips\ui</Filter>
    </ClInclude>
    <ClInclude Include="..\..\Source\Vendor\chips\ui\ui_memmap.h">
      <Filter>Source Files\chips\ui</Filter>
    </ClInclude>
    <ClInclude Include="..\..\Source\Vendor\chips\ui\ui_namco.h">
      <Filter>Source Files\chips\ui</Filter>
    </ClInclude>
    <ClInclude Include="..\..\Source\Vendor\chips\ui\ui_upd765.h">
      <Filter>Source Files\chips\ui</Filter>
    </ClInclude>
    <ClInclude Include="..\..\Source\Vendor\chips\ui\ui_util.h">
      <Filter>Source Files\chips\ui</Filter>
    </ClInclude>
    <ClInclude Include="..\..\Source\Vendor\chips\ui\ui_z80.h">
      <Filter>Source Files\chips\ui</Filter>
    </ClInclude>
    <ClInclude Include="..\..\Source\Vendor\chips\ui\ui_z80ctc.h">
      <Filter>Source Files\chips\ui</Filter>
    </ClInclude>
    <ClInclude Include="..\..\Source\Vendor\chips\ui\ui_z80pio.h">
      <Filter>Source Files\chips\ui</Filter>
    </ClInclude>
    <ClInclude Include="..\..\Source\Vendor\chips\ui\ui_z1013.h">
      <Filter>Source Files\chips\ui</Filter>
    </ClInclude>
    <ClInclude Include="..\..\Source\Vendor\chips\ui\ui_z9001.h">
      <Filter>Source Files\chips\ui</Filter>
    </ClInclude>
    <ClInclude Include="..\..\Source\Vendor\chips\ui\ui_zx.h">
      <Filter>Source Files\chips\ui</Filter>
    </ClInclude>
    <ClInclude Include="..\..\Source\Vendor\chips\ui\ui_am40010.h">
      <Filter>Source Files\chips\ui</Filter>
    </ClInclude>
    <ClInclude Include="..\..\Source\Vendor\chips\ui\ui_atom.h">
      <Filter>Source Files\chips\ui</Filter>
    </ClInclude>
    <ClInclude Include="..\..\Source\Vendor\chips\ui\ui_audio.h">
      <Filter>Source Files\chips\ui</Filter>
    </ClInclude>
    <ClInclude Include="..\..\Source\Vendor\chips\systems\lc80.h">
      <Filter>Source Files\chips\systems</Filter>
    </ClInclude>
    <ClInclude Include="..\..\Source\Vendor\chips\systems\namco.h">
      <Filter>Source Files\chips\systems</Filter>
    </ClInclude>
    <ClInclude Include="..\..\Source\Vendor\chips\systems\z1013.h">
      <Filter>Source Files\chips\systems</Filter>
    </ClInclude>
    <ClInclude Include="..\..\Source\Vendor\chips\systems\z9001.h">
      <Filter>Source Files\chips\systems</Filter>
    </ClInclude>
    <ClInclude Include="..\..\Source\Vendor\chips\systems\zx.h">
      <Filter>Source Files\chips\systems</Filter>
    </ClInclude>
    <ClInclude Include="..\..\Source\Vendor\chips\systems\atom.h">
      <Filter>Source Files\chips\systems</Filter>
    </ClInclude>
    <ClInclude Include="..\..\Source\Vendor\chips\systems\bombjack.h">
      <Filter>Source Files\chips\systems</Filter>
    </ClInclude>
    <ClInclude Include="..\..\Source\Vendor\chips\systems\c64.h">
      <Filter>Source Files\chips\systems</Filter>
    </ClInclude>
    <ClInclude Include="..\..\Source\Vendor\chips\systems\cpc.h">
      <Filter>Source Files\chips\systems</Filter>
    </ClInclude>
    <ClInclude Include="..\..\Source\Vendor\chips\systems\kc85.h">
      <Filter>Source Files\chips\systems</Filter>
    </ClInclude>
    <ClInclude Include="..\..\Source\Vendor\chips\chips\kbd.h">
      <Filter>Source Files\chips\chips</Filter>
    </ClInclude>
    <ClInclude Include="..\..\Source\Vendor\chips\chips\m6502.h">
      <Filter>Source Files\chips\chips</Filter>
    </ClInclude>
    <ClInclude Include="..\..\Source\Vendor\chips\chips\m6522.h">
      <Filter>Source Files\chips\chips</Filter>
    </ClInclude>
    <ClInclude Include="..\..\Source\Vendor\chips\chips\m6526.h">
      <Filter>Source Files\chips\chips</Filter>
    </ClInclude>
    <ClInclude Include="..\..\Source\Vendor\chips\chips\m6569.h">
      <Filter>Source Files\chips\chips</Filter>
    </ClInclude>
    <ClInclude Include="..\..\Source\Vendor\chips\chips\m6581.h">
      <Filter>Source Files\chips\chips</Filter>
    </ClInclude>
    <ClInclude Include="..\..\Source\Vendor\chips\chips\mc6845.h">
      <Filter>Source Files\chips\chips</Filter>
    </ClInclude>
    <ClInclude Include="..\..\Source\Vendor\chips\chips\mc6847.h">
      <Filter>Source Files\chips\chips</Filter>
    </ClInclude>
    <ClInclude Include="..\..\Source\Vendor\chips\chips\mem.h">
      <Filter>Source Files\chips\chips</Filter>
    </ClInclude>
    <ClInclude Include="..\..\Source\Vendor\chips\chips\upd765.h">
      <Filter>Source Files\chips\chips</Filter>
    </ClInclude>
    <ClInclude Include="..\..\Source\Vendor\chips\chips\z80.h">
      <Filter>Source Files\chips\chips</Filter>
    </ClInclude>
    <ClInclude Include="..\..\Source\Vendor\chips\chips\z80ctc.h">
      <Filter>Source Files\chips\chips</Filter>
    </ClInclude>
    <ClInclude Include="..\..\Source\Vendor\chips\chips\z80pio.h">
      <Filter>Source Files\chips\chips</Filter>
    </ClInclude>
    <ClInclude Include="..\..\Source\Vendor\chips\chips\am40010.h">
      <Filter>Source Files\chips\chips</Filter>
    </ClInclude>
    <ClInclude Include="..\..\Source\Vendor\chips\chips\ay38910.h">
      <Filter>Source Files\chips\chips</Filter>
    </ClInclude>
    <ClInclude Include="..\..\Source\Vendor\chips\chips\beeper.h">
      <Filter>Source Files\chips\chips</Filter>
    </ClInclude>
    <ClInclude Include="..\..\Source\Vendor\chips\chips\clk.h">
      <Filter>Source Files\chips\chips</Filter>
    </ClInclude>
    <ClInclude Include="..\..\Source\Vendor\chips\chips\fdd.h">
      <Filter>Source Files\chips\chips</Filter>
    </ClInclude>
    <ClInclude Include="..\..\Source\Vendor\chips\chips\fdd_cpc.h">
      <Filter>Source Files\chips\chips</Filter>
    </ClInclude>
    <ClInclude Include="..\..\Source\Vendor\chips\chips\i8255.h">
      <Filter>Source Files\chips\chips</Filter>
    </ClInclude>
    <ClInclude Include="..\..\Source\Speccy\Speccy.h">
      <Filter>Source Files\Speccy</Filter>
    </ClInclude>
    <ClInclude Include="..\..\Source\UI\SpeccyUI.h">
      <Filter>Source Files\UI</Filter>
    </ClInclude>
    <ClInclude Include="..\..\Source\UI\GameViewers\StarquakeViewer.h">
      <Filter>Source Files\UI\GameViewers</Filter>
    </ClInclude>
    <ClInclude Include="..\..\Source\UI\GameViewers\GameViewer.h">
      <Filter>Source Files\UI\GameViewers</Filter>
    </ClInclude>
    <ClInclude Include="..\..\Source\UI\GameViewers\MiscGameViewers.h">
      <Filter>Source Files\UI\GameViewers</Filter>
    </ClInclude>
    <ClInclude Include="..\..\Source\UI\GameConfig.h">
      <Filter>Source Files\UI</Filter>
    </ClInclude>
    <ClInclude Include="..\..\Source\UI\MemoryHandlers.h">
      <Filter>Source Files\UI</Filter>
    </ClInclude>
    <ClInclude Include="..\..\Source\UI\FunctionHandlers.h">
      <Filter>Source Files\UI</Filter>
    </ClInclude>
    <ClInclude Include="..\..\Source\UI\Disassembler.h">
      <Filter>Source Files\UI</Filter>
    </ClInclude>
    <ClInclude Include="..\..\Source\UI\IOAnalysis.h">
      <Filter>Source Files\UI</Filter>
    </ClInclude>
    <ClInclude Include="..\..\Source\Shared\ImGuiSupport\imgui_impl_dx11.h">
      <Filter>Source Files\Shared\ImGuiSupport</Filter>
    </ClInclude>
    <ClInclude Include="..\..\Source\Shared\ImGuiSupport\imgui_impl_lucidextra.h">
      <Filter>Source Files\Shared\ImGuiSupport</Filter>
    </ClInclude>
    <ClInclude Include="..\..\Source\Shared\ImGuiSupport\imgui_impl_win32.h">
      <Filter>Source Files\Shared\ImGuiSupport</Filter>
    </ClInclude>
    <ClInclude Include="..\..\Source\Shared\CodeAnalyser\CodeAnalyser.h">
      <Filter>Source Files\Shared\CodeAnalyser</Filter>
    </ClInclude>
    <ClInclude Include="..\..\Source\Shared\CodeAnalyser\CodeAnalyserUI.h">
      <Filter>Source Files\Shared\CodeAnalyser</Filter>
    </ClInclude>
    <ClInclude Include="..\..\Source\Shared\CodeAnalyser\CodeToolTips.h">
      <Filter>Source Files\Shared\CodeAnalyser</Filter>
    </ClInclude>
    <ClInclude Include="..\..\Source\Shared\CodeAnalyser\6502\CodeAnalyser6502.h">
      <Filter>Source Files\Shared\CodeAnalyser\6502</Filter>
    </ClInclude>
    <ClInclude Include="..\..\Source\Shared\CodeAnalyser\6502\CodeToolTips6502.h">
      <Filter>Source Files\Shared\CodeAnalyser\6502</Filter>
    </ClInclude>
    <ClInclude Include="..\..\Source\Shared\CodeAnalyser\Z80\CodeAnalyserZ80.h">
      <Filter>Source Files\Shared\CodeAnalyser\Z80</Filter>
    </ClInclude>
    <ClInclude Include="..\..\Source\Shared\CodeAnalyser\Z80\CodeToolTipsZ80.h">
      <Filter>Source Files\Shared\CodeAnalyser\Z80</Filter>
    </ClInclude>
    <ClInclude Include="..\..\Source\Speccy\romlabels.h">
      <Filter>Source Files\Speccy</Filter>
    </ClInclude>
    <ClInclude Include="..\..\Source\Shared\CodeAnalyser\CodeAnaysisPage.h">
      <Filter>Source Files\Shared\CodeAnalyser</Filter>
    </ClInclude>
    <ClInclude Include="..\..\Source\Shared\Util\FileUtil.h">
      <Filter>Source Files\Shared\Util</Filter>
    </ClInclude>
    <ClInclude Include="..\..\Source\Shared\Util\MemoryBuffer.h">
      <Filter>Source Files\Shared\Util</Filter>
    </ClInclude>
    <ClInclude Include="..\..\Source\Shared\Util\GraphicsView.h">
      <Filter>Source Files\Shared\Util</Filter>
    </ClInclude>
    <ClInclude Include="..\..\Source\UI\Viewers\GraphicsViewer.h">
      <Filter>Source Files\UI\Viewers</Filter>
    </ClInclude>
    <ClInclude Include="..\..\Source\UI\Viewers\SpectrumViewer.h">
      <Filter>Source Files\UI\Viewers</Filter>
    </ClInclude>
    <ClInclude Include="..\..\Source\UI\Viewers\SpriteViewer.h">
      <Filter>Source Files\UI\Viewers</Filter>
    </ClInclude>
    <ClInclude Include="..\..\Source\UI\Viewers\FrameTraceViewer.h">
      <Filter>Source Files\UI\Viewers</Filter>
    </ClInclude>
    <ClInclude Include="..\..\Source\UI\SnapshotLoaders\GamesList.h">
      <Filter>Source Files\UI\SnapshotLoaders</Filter>
    </ClInclude>
    <ClInclude Include="..\..\Source\UI\SnapshotLoaders\Z80Loader.h">
      <Filter>Source Files\UI\SnapshotLoaders</Filter>
    </ClInclude>
    <ClInclude Include="..\..\Source\UI\SnapshotLoaders\SNALoader.h">
      <Filter>Source Files\UI\SnapshotLoaders</Filter>
    </ClInclude>
    <ClInclude Include="..\..\Source\UI\Exporters\SkoolkitExporter.h">
      <Filter>Source Files\UI\Exporters</Filter>
    </ClInclude>
  </ItemGroup>
  <ItemGroup>
    <Natvis Include="..\..\Source\Vendor\imgui-docking\misc\natvis\imgui.natvis">
      <Filter>Source Files\ImGui</Filter>
    </Natvis>
  </ItemGroup>
  <ItemGroup>
    <None Include="..\..\Source\Vendor\chips\ui\README.md">
      <Filter>Source Files\chips\ui</Filter>
    </None>
    <None Include="..\..\Source\Vendor\chips\systems\README.md">
      <Filter>Source Files\chips\systems</Filter>
    </None>
  </ItemGroup>
</Project>