<?xml version="1.0" encoding="utf-8"?>
<Project ToolsVersion="4.0" xmlns="http://schemas.microsoft.com/developer/msbuild/2003">
  <ItemGroup>
    <Filter Include="Source Files">
      <UniqueIdentifier>{4FC737F1-C7A5-4376-A066-2A32D752A2FF}</UniqueIdentifier>
      <Extensions>cpp;c;cc;cxx;def;odl;idl;hpj;bat;asm;asmx</Extensions>
    </Filter>
    <Filter Include="Header Files">
      <UniqueIdentifier>{93995380-89BD-4b04-88EB-625FBE52EBFB}</UniqueIdentifier>
      <Extensions>h;hh;hpp;hxx;hm;inl;inc;ipp;xsd</Extensions>
    </Filter>
    <Filter Include="Resource Files">
      <UniqueIdentifier>{67DA6AB6-F800-4c08-8B7A-83BB121AAD01}</UniqueIdentifier>
      <Extensions>rc;ico;cur;bmp;dlg;rc2;rct;bin;rgs;gif;jpg;jpeg;jpe;resx;tiff;tif;png;wav;mfcribbon-ms</Extensions>
    </Filter>
    <Filter Include="Source Files\chips">
      <UniqueIdentifier>{c4eee8a6-b42d-4970-ba6c-e6a603e2a802}</UniqueIdentifier>
    </Filter>
    <Filter Include="Source Files\chips\ui">
      <UniqueIdentifier>{8725302e-da3a-4632-a30e-d9734ec13cc0}</UniqueIdentifier>
    </Filter>
    <Filter Include="Source Files\chips\chips">
      <UniqueIdentifier>{747ac3b7-017c-4c7a-a92d-abac9e62e6fc}</UniqueIdentifier>
    </Filter>
    <Filter Include="Source Files\chips\codegen">
      <UniqueIdentifier>{cba63dea-c3bf-4bdb-87e7-76789821e064}</UniqueIdentifier>
    </Filter>
    <Filter Include="Source Files\chips\systems">
      <UniqueIdentifier>{4e1b7155-7d10-4616-ab15-4764e68f1ed2}</UniqueIdentifier>
    </Filter>
    <Filter Include="Source Files\chips\util">
      <UniqueIdentifier>{3210435f-80c3-4901-bbf4-0b753d5a2afa}</UniqueIdentifier>
    </Filter>
    <Filter Include="Source Files\Shared">
      <UniqueIdentifier>{746d0738-bb42-4549-8d40-22d3c29cbf2d}</UniqueIdentifier>
    </Filter>
    <Filter Include="Source Files\Shared\ImGuiSupport">
      <UniqueIdentifier>{ce59fc4b-a266-4cd4-9e16-32c5ce48c284}</UniqueIdentifier>
    </Filter>
    <Filter Include="Source Files\Shared\CodeAnalyser">
      <UniqueIdentifier>{49b62a18-c001-4f6c-96cc-fd0b4aba2098}</UniqueIdentifier>
    </Filter>
    <Filter Include="Source Files\Shared\CodeAnalyser\Z80">
      <UniqueIdentifier>{4dc253f2-8bc3-4a5a-9c92-a7a20cae7ee5}</UniqueIdentifier>
    </Filter>
    <Filter Include="Source Files\Shared\CodeAnalyser\6502">
      <UniqueIdentifier>{c2e3bf5e-e527-4fb1-a087-12b1a6928ace}</UniqueIdentifier>
    </Filter>
    <Filter Include="Source Files\Shared\Util">
      <UniqueIdentifier>{cd946241-390d-42bb-a0db-cb161e2f7f10}</UniqueIdentifier>
    </Filter>
    <Filter Include="Source Files\Vendor">
      <UniqueIdentifier>{067f2d09-8f3e-4ec2-8d6f-783e568a49dd}</UniqueIdentifier>
    </Filter>
    <Filter Include="Source Files\Vendor\rzx-sdk">
      <UniqueIdentifier>{a38761a6-46fc-4135-9ca9-6ccc263579dd}</UniqueIdentifier>
    </Filter>
    <Filter Include="Source Files\Vendor\zlib">
      <UniqueIdentifier>{a06e29c8-e1db-431f-9b72-6a34ffb9f4a4}</UniqueIdentifier>
    </Filter>
    <Filter Include="Source Files\Vendor\ImGui">
      <UniqueIdentifier>{f92d6599-d068-479f-9eaf-34f39500814d}</UniqueIdentifier>
    </Filter>
    <Filter Include="Source Files\Vendor\ImPlot">
      <UniqueIdentifier>{8068c212-81ec-4f8a-999c-5044d736ef34}</UniqueIdentifier>
    </Filter>
    <Filter Include="Source Files\Shared\Debug">
      <UniqueIdentifier>{38b3dc60-84e9-4be9-a2a5-a675edba4346}</UniqueIdentifier>
    </Filter>
    <Filter Include="Source Files\Shared\CodeAnalyser\UI">
      <UniqueIdentifier>{3963d0db-fbeb-4e4e-818e-01d67dd29ac4}</UniqueIdentifier>
    </Filter>
    <Filter Include="Source Files\Shared\CodeAnalyser\UI\6502">
      <UniqueIdentifier>{357936e5-32c2-4a3a-a726-77d50ce9e8b9}</UniqueIdentifier>
    </Filter>
    <Filter Include="Source Files\Shared\CodeAnalyser\UI\Z80">
      <UniqueIdentifier>{f17c7855-19c9-4f6b-ae18-e41d0f55fbb2}</UniqueIdentifier>
    </Filter>
    <Filter Include="Source Files\ZXSpectrum">
      <UniqueIdentifier>{c6960d9f-138c-49b0-8273-a2b84bdd3a92}</UniqueIdentifier>
    </Filter>
    <Filter Include="Source Files\ZXSpectrum\GameViewers">
      <UniqueIdentifier>{971a47f7-a713-4a08-a416-4fdcd6812e97}</UniqueIdentifier>
    </Filter>
    <Filter Include="Source Files\ZXSpectrum\Viewers">
      <UniqueIdentifier>{c9ababe9-8915-42a6-98a4-02b0a749a660}</UniqueIdentifier>
    </Filter>
    <Filter Include="Source Files\ZXSpectrum\SnapshotLoaders">
      <UniqueIdentifier>{82368abc-dbbe-455f-a808-2da24cbff7ce}</UniqueIdentifier>
    </Filter>
    <Filter Include="Source Files\ZXSpectrum\Exporters">
      <UniqueIdentifier>{0d891ad6-6da1-4022-ad42-915cd5c9f904}</UniqueIdentifier>
    </Filter>
    <Filter Include="Source Files\ZXSpectrum\Importers">
      <UniqueIdentifier>{7cb41d56-adf5-45c5-b77f-45200fe5bd7c}</UniqueIdentifier>
    </Filter>
    <Filter Include="Source Files\ZXSpectrum\Windows">
      <UniqueIdentifier>{cee2c504-52bd-4f3e-a76b-a5da3c149358}</UniqueIdentifier>
    </Filter>
    <Filter Include="Source Files\Shared\ImGuiSupport\Windows">
      <UniqueIdentifier>{6db792ba-c3c7-4a62-a63b-f9c910ac7a33}</UniqueIdentifier>
    </Filter>
    <Filter Include="Source Files\Shared\Util\Windows">
      <UniqueIdentifier>{862f25a7-13bd-4241-ad1d-5ce10ecff67f}</UniqueIdentifier>
    </Filter>
    <Filter Include="Source Files\Vendor\ImGui\Backend">
      <UniqueIdentifier>{920a0fd3-f2ab-4122-bf38-c3b8376aebc8}</UniqueIdentifier>
    </Filter>
  </ItemGroup>
  <ItemGroup>
    <ClCompile Include="..\..\Source\Vendor\imgui-docking\imgui.cpp">
      <Filter>Source Files\Vendor\ImGui</Filter>
    </ClCompile>
    <ClCompile Include="..\..\Source\Vendor\imgui-docking\imgui_demo.cpp">
      <Filter>Source Files\Vendor\ImGui</Filter>
    </ClCompile>
    <ClCompile Include="..\..\Source\Vendor\imgui-docking\imgui_draw.cpp">
      <Filter>Source Files\Vendor\ImGui</Filter>
    </ClCompile>
    <ClCompile Include="..\..\Source\Vendor\imgui-docking\imgui_widgets.cpp">
      <Filter>Source Files\Vendor\ImGui</Filter>
    </ClCompile>
    <ClCompile Include="..\..\Source\Vendor\imgui-docking\misc\cpp\imgui_stdlib.cpp">
      <Filter>Source Files\Vendor\ImGui</Filter>
    </ClCompile>
    <ClCompile Include="..\..\Source\Shared\CodeAnalyser\CodeAnalyser.cpp">
      <Filter>Source Files\Shared\CodeAnalyser</Filter>
    </ClCompile>
    <ClCompile Include="..\..\Source\Shared\CodeAnalyser\6502\CodeAnalyser6502.cpp">
      <Filter>Source Files\Shared\CodeAnalyser\6502</Filter>
    </ClCompile>
    <ClCompile Include="..\..\Source\Shared\CodeAnalyser\Z80\CodeAnalyserZ80.cpp">
      <Filter>Source Files\Shared\CodeAnalyser\Z80</Filter>
    </ClCompile>
    <ClCompile Include="..\..\Source\Shared\CodeAnalyser\CodeAnaysisPage.cpp">
      <Filter>Source Files\Shared\CodeAnalyser</Filter>
    </ClCompile>
    <ClCompile Include="..\..\Source\Shared\Util\FileUtil.cpp">
      <Filter>Source Files\Shared\Util</Filter>
    </ClCompile>
    <ClCompile Include="..\..\Source\Shared\Util\MemoryBuffer.cpp">
      <Filter>Source Files\Shared\Util</Filter>
    </ClCompile>
    <ClCompile Include="..\..\Source\Shared\Util\GraphicsView.cpp">
      <Filter>Source Files\Shared\Util</Filter>
    </ClCompile>
    <ClCompile Include="..\..\Source\Vendor\rzx-sdk\rzx.c">
      <Filter>Source Files\Vendor\rzx-sdk</Filter>
    </ClCompile>
    <ClCompile Include="..\..\Source\Vendor\zlib\adler32.c">
      <Filter>Source Files\Vendor\zlib</Filter>
    </ClCompile>
    <ClCompile Include="..\..\Source\Vendor\zlib\compress.c">
      <Filter>Source Files\Vendor\zlib</Filter>
    </ClCompile>
    <ClCompile Include="..\..\Source\Vendor\zlib\crc32.c">
      <Filter>Source Files\Vendor\zlib</Filter>
    </ClCompile>
    <ClCompile Include="..\..\Source\Vendor\zlib\deflate.c">
      <Filter>Source Files\Vendor\zlib</Filter>
    </ClCompile>
    <ClCompile Include="..\..\Source\Vendor\zlib\infback.c">
      <Filter>Source Files\Vendor\zlib</Filter>
    </ClCompile>
    <ClCompile Include="..\..\Source\Vendor\zlib\inffast.c">
      <Filter>Source Files\Vendor\zlib</Filter>
    </ClCompile>
    <ClCompile Include="..\..\Source\Vendor\zlib\inflate.c">
      <Filter>Source Files\Vendor\zlib</Filter>
    </ClCompile>
    <ClCompile Include="..\..\Source\Vendor\zlib\inftrees.c">
      <Filter>Source Files\Vendor\zlib</Filter>
    </ClCompile>
    <ClCompile Include="..\..\Source\Vendor\zlib\trees.c">
      <Filter>Source Files\Vendor\zlib</Filter>
    </ClCompile>
    <ClCompile Include="..\..\Source\Vendor\zlib\uncompr.c">
      <Filter>Source Files\Vendor\zlib</Filter>
    </ClCompile>
    <ClCompile Include="..\..\Source\Vendor\zlib\zutil.c">
      <Filter>Source Files\Vendor\zlib</Filter>
    </ClCompile>
    <ClCompile Include="..\..\Source\Vendor\implot\implot.cpp">
      <Filter>Source Files\Vendor\ImPlot</Filter>
    </ClCompile>
    <ClCompile Include="..\..\Source\Vendor\implot\implot_demo.cpp">
      <Filter>Source Files\Vendor\ImPlot</Filter>
    </ClCompile>
    <ClCompile Include="..\..\Source\Vendor\implot\implot_items.cpp">
      <Filter>Source Files\Vendor\ImPlot</Filter>
    </ClCompile>
    <ClCompile Include="..\..\Source\Vendor\imgui-docking\imgui_tables.cpp">
      <Filter>Source Files\Vendor\ImGui</Filter>
    </ClCompile>
    <ClCompile Include="..\..\Source\Shared\Debug\DebugLog.cpp">
      <Filter>Source Files\Shared\Debug</Filter>
    </ClCompile>
    <ClCompile Include="..\..\Source\Shared\Debug\ImGuiLog.cpp">
      <Filter>Source Files\Shared\Debug</Filter>
    </ClCompile>
    <ClCompile Include="..\..\Source\Shared\Util\Misc.cpp">
      <Filter>Source Files\Shared\Util</Filter>
    </ClCompile>
    <ClCompile Include="..\..\Source\Shared\CodeAnalyser\UI\CodeAnalyserUI.cpp">
      <Filter>Source Files\Shared\CodeAnalyser\UI</Filter>
    </ClCompile>
    <ClCompile Include="..\..\Source\Shared\CodeAnalyser\UI\ImageViewer.cpp">
      <Filter>Source Files\Shared\CodeAnalyser\UI</Filter>
    </ClCompile>
    <ClCompile Include="..\..\Source\Shared\CodeAnalyser\UI\CodeToolTips.cpp">
      <Filter>Source Files\Shared\CodeAnalyser\UI</Filter>
    </ClCompile>
    <ClCompile Include="..\..\Source\Shared\CodeAnalyser\UI\6502\CodeToolTips6502.cpp">
      <Filter>Source Files\Shared\CodeAnalyser\UI\6502</Filter>
    </ClCompile>
    <ClCompile Include="..\..\Source\Shared\CodeAnalyser\UI\Z80\CodeToolTipsZ80.cpp">
      <Filter>Source Files\Shared\CodeAnalyser\UI\Z80</Filter>
    </ClCompile>
    <ClCompile Include="..\..\Source\Shared\CodeAnalyser\UI\Z80\RegisterViewZ80.cpp">
      <Filter>Source Files\Shared\CodeAnalyser\UI\Z80</Filter>
    </ClCompile>
    <ClCompile Include="..\..\Source\Shared\CodeAnalyser\UI\DataItemUI.cpp">
      <Filter>Source Files\Shared\CodeAnalyser\UI</Filter>
    </ClCompile>
    <ClCompile Include="..\..\Source\Shared\CodeAnalyser\UI\CharacterMapViewer.cpp">
      <Filter>Source Files\Shared\CodeAnalyser\UI</Filter>
    </ClCompile>
    <ClCompile Include="..\..\Source\ZXSpectrum\GameConfig.cpp">
      <Filter>Source Files\ZXSpectrum</Filter>
    </ClCompile>
    <ClCompile Include="..\..\Source\ZXSpectrum\GameData.cpp">
      <Filter>Source Files\ZXSpectrum</Filter>
    </ClCompile>
    <ClCompile Include="..\..\Source\ZXSpectrum\GlobalConfig.cpp">
      <Filter>Source Files\ZXSpectrum</Filter>
    </ClCompile>
    <ClCompile Include="..\..\Source\ZXSpectrum\IOAnalysis.cpp">
      <Filter>Source Files\ZXSpectrum</Filter>
    </ClCompile>
    <ClCompile Include="..\..\Source\ZXSpectrum\MemoryHandlers.cpp">
      <Filter>Source Files\ZXSpectrum</Filter>
    </ClCompile>
    <ClCompile Include="..\..\Source\ZXSpectrum\SpectrumEmu.cpp">
      <Filter>Source Files\ZXSpectrum</Filter>
    </ClCompile>
    <ClCompile Include="..\..\Source\ZXSpectrum\Exporters\AssemblerExport.cpp">
      <Filter>Source Files\ZXSpectrum\Exporters</Filter>
    </ClCompile>
    <ClCompile Include="..\..\Source\ZXSpectrum\Exporters\JsonExport.cpp">
      <Filter>Source Files\ZXSpectrum\Exporters</Filter>
    </ClCompile>
    <ClCompile Include="..\..\Source\ZXSpectrum\Exporters\SkoolFile.cpp">
      <Filter>Source Files\ZXSpectrum\Exporters</Filter>
    </ClCompile>
    <ClCompile Include="..\..\Source\ZXSpectrum\Exporters\SkoolFileInfo.cpp">
      <Filter>Source Files\ZXSpectrum\Exporters</Filter>
    </ClCompile>
    <ClCompile Include="..\..\Source\ZXSpectrum\Exporters\SkoolkitExporter.cpp">
      <Filter>Source Files\ZXSpectrum\Exporters</Filter>
    </ClCompile>
    <ClCompile Include="..\..\Source\ZXSpectrum\GameViewers\GameViewer.cpp">
      <Filter>Source Files\ZXSpectrum\GameViewers</Filter>
    </ClCompile>
    <ClCompile Include="..\..\Source\ZXSpectrum\GameViewers\MiscGameViewers.cpp">
      <Filter>Source Files\ZXSpectrum\GameViewers</Filter>
    </ClCompile>
    <ClCompile Include="..\..\Source\ZXSpectrum\GameViewers\StarquakeViewer.cpp">
      <Filter>Source Files\ZXSpectrum\GameViewers</Filter>
    </ClCompile>
    <ClCompile Include="..\..\Source\ZXSpectrum\Importers\SkoolkitImporter.cpp">
      <Filter>Source Files\ZXSpectrum\Importers</Filter>
    </ClCompile>
    <ClCompile Include="..\..\Source\ZXSpectrum\SnapshotLoaders\GamesList.cpp">
      <Filter>Source Files\ZXSpectrum\SnapshotLoaders</Filter>
    </ClCompile>
    <ClCompile Include="..\..\Source\ZXSpectrum\SnapshotLoaders\RZXLoader.cpp">
      <Filter>Source Files\ZXSpectrum\SnapshotLoaders</Filter>
    </ClCompile>
    <ClCompile Include="..\..\Source\ZXSpectrum\SnapshotLoaders\SNALoader.cpp">
      <Filter>Source Files\ZXSpectrum\SnapshotLoaders</Filter>
    </ClCompile>
    <ClCompile Include="..\..\Source\ZXSpectrum\SnapshotLoaders\Z80Loader.cpp">
      <Filter>Source Files\ZXSpectrum\SnapshotLoaders</Filter>
    </ClCompile>
    <ClCompile Include="..\..\Source\ZXSpectrum\Viewers\OverviewViewer.cpp">
      <Filter>Source Files\ZXSpectrum\Viewers</Filter>
    </ClCompile>
    <ClCompile Include="..\..\Source\ZXSpectrum\Viewers\SpectrumViewer.cpp">
      <Filter>Source Files\ZXSpectrum\Viewers</Filter>
    </ClCompile>
    <ClCompile Include="..\..\Source\ZXSpectrum\Viewers\SpriteViewer.cpp">
      <Filter>Source Files\ZXSpectrum\Viewers</Filter>
    </ClCompile>
    <ClCompile Include="..\..\Source\ZXSpectrum\Viewers\ViewerBase.cpp">
      <Filter>Source Files\ZXSpectrum\Viewers</Filter>
    </ClCompile>
    <ClCompile Include="..\..\Source\ZXSpectrum\Viewers\ZXGraphicsView.cpp">
      <Filter>Source Files\ZXSpectrum\Viewers</Filter>
    </ClCompile>
    <ClCompile Include="..\..\Source\ZXSpectrum\Viewers\BreakpointViewer.cpp">
      <Filter>Source Files\ZXSpectrum\Viewers</Filter>
    </ClCompile>
    <ClCompile Include="..\..\Source\ZXSpectrum\Viewers\FrameTraceViewer.cpp">
      <Filter>Source Files\ZXSpectrum\Viewers</Filter>
    </ClCompile>
    <ClCompile Include="..\..\Source\ZXSpectrum\Viewers\GraphicsViewer.cpp">
      <Filter>Source Files\ZXSpectrum\Viewers</Filter>
    </ClCompile>
    <ClCompile Include="..\..\Source\ZXSpectrum\Windows\WinMain.cpp">
      <Filter>Source Files\ZXSpectrum\Windows</Filter>
    </ClCompile>
    <ClCompile Include="..\..\Source\Shared\ImGuiSupport\Windows\ImGuiTexture_DX11.cpp">
      <Filter>Source Files\Shared\ImGuiSupport\Windows</Filter>
    </ClCompile>
    <ClCompile Include="..\..\Source\Shared\Util\Windows\FileUtil_Win32.cpp">
      <Filter>Source Files\Shared\Util\Windows</Filter>
    </ClCompile>
    <ClCompile Include="..\..\Source\Vendor\imgui-docking\backends\imgui_impl_dx11.cpp">
      <Filter>Source Files\Vendor\ImGui\Backend</Filter>
    </ClCompile>
    <ClCompile Include="..\..\Source\Vendor\imgui-docking\backends\imgui_impl_win32.cpp">
      <Filter>Source Files\Vendor\ImGui\Backend</Filter>
    </ClCompile>
  </ItemGroup>
  <ItemGroup>
    <ClInclude Include="..\..\Source\Vendor\imgui-docking\imstb_truetype.h">
      <Filter>Source Files\Vendor\ImGui</Filter>
    </ClInclude>
    <ClInclude Include="..\..\Source\Vendor\imgui-docking\imconfig.h">
      <Filter>Source Files\Vendor\ImGui</Filter>
    </ClInclude>
    <ClInclude Include="..\..\Source\Vendor\imgui-docking\imgui.h">
      <Filter>Source Files\Vendor\ImGui</Filter>
    </ClInclude>
    <ClInclude Include="..\..\Source\Vendor\imgui-docking\imgui_internal.h">
      <Filter>Source Files\Vendor\ImGui</Filter>
    </ClInclude>
    <ClInclude Include="..\..\Source\Vendor\imgui-docking\imstb_rectpack.h">
      <Filter>Source Files\Vendor\ImGui</Filter>
    </ClInclude>
    <ClInclude Include="..\..\Source\Vendor\imgui-docking\imstb_textedit.h">
      <Filter>Source Files\Vendor\ImGui</Filter>
    </ClInclude>
    <ClInclude Include="..\..\Source\Vendor\chips\util\m6502dasm.h">
      <Filter>Source Files\chips\util</Filter>
    </ClInclude>
    <ClInclude Include="..\..\Source\Vendor\chips\util\z80dasm.h">
      <Filter>Source Files\chips\util</Filter>
    </ClInclude>
    <ClInclude Include="..\..\Source\Vendor\chips\ui\ui_ay38910.h">
      <Filter>Source Files\chips\ui</Filter>
    </ClInclude>
    <ClInclude Include="..\..\Source\Vendor\chips\ui\ui_bombjack.h">
      <Filter>Source Files\chips\ui</Filter>
    </ClInclude>
    <ClInclude Include="..\..\Source\Vendor\chips\ui\ui_c64.h">
      <Filter>Source Files\chips\ui</Filter>
    </ClInclude>
    <ClInclude Include="..\..\Source\Vendor\chips\ui\ui_chip.h">
      <Filter>Source Files\chips\ui</Filter>
    </ClInclude>
    <ClInclude Include="..\..\Source\Vendor\chips\ui\ui_cpc.h">
      <Filter>Source Files\chips\ui</Filter>
    </ClInclude>
    <ClInclude Include="..\..\Source\Vendor\chips\ui\ui_dasm.h">
      <Filter>Source Files\chips\ui</Filter>
    </ClInclude>
    <ClInclude Include="..\..\Source\Vendor\chips\ui\ui_dbg.h">
      <Filter>Source Files\chips\ui</Filter>
    </ClInclude>
    <ClInclude Include="..\..\Source\Vendor\chips\ui\ui_fdd.h">
      <Filter>Source Files\chips\ui</Filter>
    </ClInclude>
    <ClInclude Include="..\..\Source\Vendor\chips\ui\ui_i8255.h">
      <Filter>Source Files\chips\ui</Filter>
    </ClInclude>
    <ClInclude Include="..\..\Source\Vendor\chips\ui\ui_kbd.h">
      <Filter>Source Files\chips\ui</Filter>
    </ClInclude>
    <ClInclude Include="..\..\Source\Vendor\chips\ui\ui_kc85.h">
      <Filter>Source Files\chips\ui</Filter>
    </ClInclude>
    <ClInclude Include="..\..\Source\Vendor\chips\ui\ui_kc85sys.h">
      <Filter>Source Files\chips\ui</Filter>
    </ClInclude>
    <ClInclude Include="..\..\Source\Vendor\chips\ui\ui_lc80.h">
      <Filter>Source Files\chips\ui</Filter>
    </ClInclude>
    <ClInclude Include="..\..\Source\Vendor\chips\ui\ui_m6502.h">
      <Filter>Source Files\chips\ui</Filter>
    </ClInclude>
    <ClInclude Include="..\..\Source\Vendor\chips\ui\ui_m6522.h">
      <Filter>Source Files\chips\ui</Filter>
    </ClInclude>
    <ClInclude Include="..\..\Source\Vendor\chips\ui\ui_m6526.h">
      <Filter>Source Files\chips\ui</Filter>
    </ClInclude>
    <ClInclude Include="..\..\Source\Vendor\chips\ui\ui_m6569.h">
      <Filter>Source Files\chips\ui</Filter>
    </ClInclude>
    <ClInclude Include="..\..\Source\Vendor\chips\ui\ui_m6581.h">
      <Filter>Source Files\chips\ui</Filter>
    </ClInclude>
    <ClInclude Include="..\..\Source\Vendor\chips\ui\ui_mc6845.h">
      <Filter>Source Files\chips\ui</Filter>
    </ClInclude>
    <ClInclude Include="..\..\Source\Vendor\chips\ui\ui_mc6847.h">
      <Filter>Source Files\chips\ui</Filter>
    </ClInclude>
    <ClInclude Include="..\..\Source\Vendor\chips\ui\ui_memedit.h">
      <Filter>Source Files\chips\ui</Filter>
    </ClInclude>
    <ClInclude Include="..\..\Source\Vendor\chips\ui\ui_memmap.h">
      <Filter>Source Files\chips\ui</Filter>
    </ClInclude>
    <ClInclude Include="..\..\Source\Vendor\chips\ui\ui_namco.h">
      <Filter>Source Files\chips\ui</Filter>
    </ClInclude>
    <ClInclude Include="..\..\Source\Vendor\chips\ui\ui_upd765.h">
      <Filter>Source Files\chips\ui</Filter>
    </ClInclude>
    <ClInclude Include="..\..\Source\Vendor\chips\ui\ui_util.h">
      <Filter>Source Files\chips\ui</Filter>
    </ClInclude>
    <ClInclude Include="..\..\Source\Vendor\chips\ui\ui_z80.h">
      <Filter>Source Files\chips\ui</Filter>
    </ClInclude>
    <ClInclude Include="..\..\Source\Vendor\chips\ui\ui_z80ctc.h">
      <Filter>Source Files\chips\ui</Filter>
    </ClInclude>
    <ClInclude Include="..\..\Source\Vendor\chips\ui\ui_z80pio.h">
      <Filter>Source Files\chips\ui</Filter>
    </ClInclude>
    <ClInclude Include="..\..\Source\Vendor\chips\ui\ui_z1013.h">
      <Filter>Source Files\chips\ui</Filter>
    </ClInclude>
    <ClInclude Include="..\..\Source\Vendor\chips\ui\ui_z9001.h">
      <Filter>Source Files\chips\ui</Filter>
    </ClInclude>
    <ClInclude Include="..\..\Source\Vendor\chips\ui\ui_zx.h">
      <Filter>Source Files\chips\ui</Filter>
    </ClInclude>
    <ClInclude Include="..\..\Source\Vendor\chips\ui\ui_am40010.h">
      <Filter>Source Files\chips\ui</Filter>
    </ClInclude>
    <ClInclude Include="..\..\Source\Vendor\chips\ui\ui_atom.h">
      <Filter>Source Files\chips\ui</Filter>
    </ClInclude>
    <ClInclude Include="..\..\Source\Vendor\chips\ui\ui_audio.h">
      <Filter>Source Files\chips\ui</Filter>
    </ClInclude>
    <ClInclude Include="..\..\Source\Vendor\chips\systems\lc80.h">
      <Filter>Source Files\chips\systems</Filter>
    </ClInclude>
    <ClInclude Include="..\..\Source\Vendor\chips\systems\namco.h">
      <Filter>Source Files\chips\systems</Filter>
    </ClInclude>
    <ClInclude Include="..\..\Source\Vendor\chips\systems\z1013.h">
      <Filter>Source Files\chips\systems</Filter>
    </ClInclude>
    <ClInclude Include="..\..\Source\Vendor\chips\systems\z9001.h">
      <Filter>Source Files\chips\systems</Filter>
    </ClInclude>
    <ClInclude Include="..\..\Source\Vendor\chips\systems\zx.h">
      <Filter>Source Files\chips\systems</Filter>
    </ClInclude>
    <ClInclude Include="..\..\Source\Vendor\chips\systems\atom.h">
      <Filter>Source Files\chips\systems</Filter>
    </ClInclude>
    <ClInclude Include="..\..\Source\Vendor\chips\systems\bombjack.h">
      <Filter>Source Files\chips\systems</Filter>
    </ClInclude>
    <ClInclude Include="..\..\Source\Vendor\chips\systems\c64.h">
      <Filter>Source Files\chips\systems</Filter>
    </ClInclude>
    <ClInclude Include="..\..\Source\Vendor\chips\systems\cpc.h">
      <Filter>Source Files\chips\systems</Filter>
    </ClInclude>
    <ClInclude Include="..\..\Source\Vendor\chips\systems\kc85.h">
      <Filter>Source Files\chips\systems</Filter>
    </ClInclude>
    <ClInclude Include="..\..\Source\Vendor\chips\chips\kbd.h">
      <Filter>Source Files\chips\chips</Filter>
    </ClInclude>
    <ClInclude Include="..\..\Source\Vendor\chips\chips\m6502.h">
      <Filter>Source Files\chips\chips</Filter>
    </ClInclude>
    <ClInclude Include="..\..\Source\Vendor\chips\chips\m6522.h">
      <Filter>Source Files\chips\chips</Filter>
    </ClInclude>
    <ClInclude Include="..\..\Source\Vendor\chips\chips\m6526.h">
      <Filter>Source Files\chips\chips</Filter>
    </ClInclude>
    <ClInclude Include="..\..\Source\Vendor\chips\chips\m6569.h">
      <Filter>Source Files\chips\chips</Filter>
    </ClInclude>
    <ClInclude Include="..\..\Source\Vendor\chips\chips\m6581.h">
      <Filter>Source Files\chips\chips</Filter>
    </ClInclude>
    <ClInclude Include="..\..\Source\Vendor\chips\chips\mc6845.h">
      <Filter>Source Files\chips\chips</Filter>
    </ClInclude>
    <ClInclude Include="..\..\Source\Vendor\chips\chips\mc6847.h">
      <Filter>Source Files\chips\chips</Filter>
    </ClInclude>
    <ClInclude Include="..\..\Source\Vendor\chips\chips\mem.h">
      <Filter>Source Files\chips\chips</Filter>
    </ClInclude>
    <ClInclude Include="..\..\Source\Vendor\chips\chips\upd765.h">
      <Filter>Source Files\chips\chips</Filter>
    </ClInclude>
    <ClInclude Include="..\..\Source\Vendor\chips\chips\z80.h">
      <Filter>Source Files\chips\chips</Filter>
    </ClInclude>
    <ClInclude Include="..\..\Source\Vendor\chips\chips\z80ctc.h">
      <Filter>Source Files\chips\chips</Filter>
    </ClInclude>
    <ClInclude Include="..\..\Source\Vendor\chips\chips\z80pio.h">
      <Filter>Source Files\chips\chips</Filter>
    </ClInclude>
    <ClInclude Include="..\..\Source\Vendor\chips\chips\am40010.h">
      <Filter>Source Files\chips\chips</Filter>
    </ClInclude>
    <ClInclude Include="..\..\Source\Vendor\chips\chips\ay38910.h">
      <Filter>Source Files\chips\chips</Filter>
    </ClInclude>
    <ClInclude Include="..\..\Source\Vendor\chips\chips\beeper.h">
      <Filter>Source Files\chips\chips</Filter>
    </ClInclude>
    <ClInclude Include="..\..\Source\Vendor\chips\chips\clk.h">
      <Filter>Source Files\chips\chips</Filter>
    </ClInclude>
    <ClInclude Include="..\..\Source\Vendor\chips\chips\fdd.h">
      <Filter>Source Files\chips\chips</Filter>
    </ClInclude>
    <ClInclude Include="..\..\Source\Vendor\chips\chips\fdd_cpc.h">
      <Filter>Source Files\chips\chips</Filter>
    </ClInclude>
    <ClInclude Include="..\..\Source\Vendor\chips\chips\i8255.h">
      <Filter>Source Files\chips\chips</Filter>
    </ClInclude>
    <ClInclude Include="..\..\Source\Shared\CodeAnalyser\CodeAnalyser.h">
      <Filter>Source Files\Shared\CodeAnalyser</Filter>
    </ClInclude>
    <ClInclude Include="..\..\Source\Shared\CodeAnalyser\6502\CodeAnalyser6502.h">
      <Filter>Source Files\Shared\CodeAnalyser\6502</Filter>
    </ClInclude>
    <ClInclude Include="..\..\Source\Shared\CodeAnalyser\Z80\CodeAnalyserZ80.h">
      <Filter>Source Files\Shared\CodeAnalyser\Z80</Filter>
    </ClInclude>
    <ClInclude Include="..\..\Source\Shared\CodeAnalyser\CodeAnaysisPage.h">
      <Filter>Source Files\Shared\CodeAnalyser</Filter>
    </ClInclude>
    <ClInclude Include="..\..\Source\Shared\Util\FileUtil.h">
      <Filter>Source Files\Shared\Util</Filter>
    </ClInclude>
    <ClInclude Include="..\..\Source\Shared\Util\MemoryBuffer.h">
      <Filter>Source Files\Shared\Util</Filter>
    </ClInclude>
    <ClInclude Include="..\..\Source\Shared\Util\GraphicsView.h">
      <Filter>Source Files\Shared\Util</Filter>
    </ClInclude>
    <ClInclude Include="..\..\Source\Vendor\rzx-sdk\rzx.h">
      <Filter>Source Files\Vendor\rzx-sdk</Filter>
    </ClInclude>
    <ClInclude Include="..\..\Source\Vendor\implot\implot.h">
      <Filter>Source Files\Vendor\ImPlot</Filter>
    </ClInclude>
    <ClInclude Include="..\..\Source\Vendor\implot\implot_internal.h">
      <Filter>Source Files\Vendor\ImPlot</Filter>
    </ClInclude>
    <ClInclude Include="..\..\Source\Shared\Debug\DebugLog.h">
      <Filter>Source Files\Shared\Debug</Filter>
    </ClInclude>
    <ClInclude Include="..\..\Source\Shared\Debug\ImGuiLog.h">
      <Filter>Source Files\Shared\Debug</Filter>
    </ClInclude>
    <ClInclude Include="..\..\Source\Shared\Util\Misc.h">
      <Filter>Source Files\Shared\Util</Filter>
    </ClInclude>
    <ClInclude Include="..\..\Source\Shared\CodeAnalyser\UI\CodeAnalyserUI.h">
      <Filter>Source Files\Shared\CodeAnalyser\UI</Filter>
    </ClInclude>
    <ClInclude Include="..\..\Source\Shared\CodeAnalyser\UI\ImageViewer.h">
      <Filter>Source Files\Shared\CodeAnalyser\UI</Filter>
    </ClInclude>
    <ClInclude Include="..\..\Source\Shared\CodeAnalyser\UI\CodeToolTips.h">
      <Filter>Source Files\Shared\CodeAnalyser\UI</Filter>
    </ClInclude>
    <ClInclude Include="..\..\Source\Shared\CodeAnalyser\UI\6502\CodeToolTips6502.h">
      <Filter>Source Files\Shared\CodeAnalyser\UI\6502</Filter>
    </ClInclude>
    <ClInclude Include="..\..\Source\Shared\CodeAnalyser\UI\Z80\CodeToolTipsZ80.h">
      <Filter>Source Files\Shared\CodeAnalyser\UI\Z80</Filter>
    </ClInclude>
    <ClInclude Include="resource.h">
      <Filter>Header Files</Filter>
    </ClInclude>
    <ClInclude Include="..\..\Source\Shared\CodeAnalyser\UI\CharacterMapViewer.h">
      <Filter>Source Files\Shared\CodeAnalyser\UI</Filter>
    </ClInclude>
    <ClInclude Include="..\..\Source\ZXSpectrum\GameConfig.h">
      <Filter>Source Files\ZXSpectrum</Filter>
    </ClInclude>
    <ClInclude Include="..\..\Source\ZXSpectrum\GameData.h">
      <Filter>Source Files\ZXSpectrum</Filter>
    </ClInclude>
    <ClInclude Include="..\..\Source\ZXSpectrum\GlobalConfig.h">
      <Filter>Source Files\ZXSpectrum</Filter>
    </ClInclude>
    <ClInclude Include="..\..\Source\ZXSpectrum\IOAnalysis.h">
      <Filter>Source Files\ZXSpectrum</Filter>
    </ClInclude>
    <ClInclude Include="..\..\Source\ZXSpectrum\MemoryHandlers.h">
      <Filter>Source Files\ZXSpectrum</Filter>
    </ClInclude>
    <ClInclude Include="..\..\Source\ZXSpectrum\romlabels.h">
      <Filter>Source Files\ZXSpectrum</Filter>
    </ClInclude>
    <ClInclude Include="..\..\Source\ZXSpectrum\SpectrumConstants.h">
      <Filter>Source Files\ZXSpectrum</Filter>
    </ClInclude>
    <ClInclude Include="..\..\Source\ZXSpectrum\SpectrumEmu.h">
      <Filter>Source Files\ZXSpectrum</Filter>
    </ClInclude>
    <ClInclude Include="..\..\Source\ZXSpectrum\zx-roms.h">
      <Filter>Source Files\ZXSpectrum</Filter>
    </ClInclude>
    <ClInclude Include="..\..\Source\ZXSpectrum\Exporters\AssemblerExport.h">
      <Filter>Source Files\ZXSpectrum\Exporters</Filter>
    </ClInclude>
    <ClInclude Include="..\..\Source\ZXSpectrum\Exporters\JsonExport.h">
      <Filter>Source Files\ZXSpectrum\Exporters</Filter>
    </ClInclude>
    <ClInclude Include="..\..\Source\ZXSpectrum\Exporters\SkoolFile.h">
      <Filter>Source Files\ZXSpectrum\Exporters</Filter>
    </ClInclude>
    <ClInclude Include="..\..\Source\ZXSpectrum\Exporters\SkoolFileInfo.h">
      <Filter>Source Files\ZXSpectrum\Exporters</Filter>
    </ClInclude>
    <ClInclude Include="..\..\Source\ZXSpectrum\Exporters\SkoolkitExporter.h">
      <Filter>Source Files\ZXSpectrum\Exporters</Filter>
    </ClInclude>
    <ClInclude Include="..\..\Source\ZXSpectrum\GameViewers\GameViewer.h">
      <Filter>Source Files\ZXSpectrum\GameViewers</Filter>
    </ClInclude>
    <ClInclude Include="..\..\Source\ZXSpectrum\GameViewers\MiscGameViewers.h">
      <Filter>Source Files\ZXSpectrum\GameViewers</Filter>
    </ClInclude>
    <ClInclude Include="..\..\Source\ZXSpectrum\GameViewers\StarquakeViewer.h">
      <Filter>Source Files\ZXSpectrum\GameViewers</Filter>
    </ClInclude>
    <ClInclude Include="..\..\Source\ZXSpectrum\Importers\SkoolkitImporter.h">
      <Filter>Source Files\ZXSpectrum\Importers</Filter>
    </ClInclude>
    <ClInclude Include="..\..\Source\ZXSpectrum\SnapshotLoaders\GamesList.h">
      <Filter>Source Files\ZXSpectrum\SnapshotLoaders</Filter>
    </ClInclude>
    <ClInclude Include="..\..\Source\ZXSpectrum\SnapshotLoaders\RZXLoader.h">
      <Filter>Source Files\ZXSpectrum\SnapshotLoaders</Filter>
    </ClInclude>
    <ClInclude Include="..\..\Source\ZXSpectrum\SnapshotLoaders\SNALoader.h">
      <Filter>Source Files\ZXSpectrum\SnapshotLoaders</Filter>
    </ClInclude>
    <ClInclude Include="..\..\Source\ZXSpectrum\SnapshotLoaders\Z80Loader.h">
      <Filter>Source Files\ZXSpectrum\SnapshotLoaders</Filter>
    </ClInclude>
    <ClInclude Include="..\..\Source\ZXSpectrum\Viewers\GraphicsViewer.h">
      <Filter>Source Files\ZXSpectrum\Viewers</Filter>
    </ClInclude>
    <ClInclude Include="..\..\Source\ZXSpectrum\Viewers\OverviewViewer.h">
      <Filter>Source Files\ZXSpectrum\Viewers</Filter>
    </ClInclude>
    <ClInclude Include="..\..\Source\ZXSpectrum\Viewers\SpectrumViewer.h">
      <Filter>Source Files\ZXSpectrum\Viewers</Filter>
    </ClInclude>
    <ClInclude Include="..\..\Source\ZXSpectrum\Viewers\SpriteViewer.h">
      <Filter>Source Files\ZXSpectrum\Viewers</Filter>
    </ClInclude>
    <ClInclude Include="..\..\Source\ZXSpectrum\Viewers\ViewerBase.h">
      <Filter>Source Files\ZXSpectrum\Viewers</Filter>
    </ClInclude>
    <ClInclude Include="..\..\Source\ZXSpectrum\Viewers\ZXGraphicsView.h">
      <Filter>Source Files\ZXSpectrum\Viewers</Filter>
    </ClInclude>
    <ClInclude Include="..\..\Source\ZXSpectrum\Viewers\BreakpointViewer.h">
      <Filter>Source Files\ZXSpectrum\Viewers</Filter>
    </ClInclude>
    <ClInclude Include="..\..\Source\ZXSpectrum\Viewers\FrameTraceViewer.h">
      <Filter>Source Files\ZXSpectrum\Viewers</Filter>
    </ClInclude>
    <ClInclude Include="..\..\Source\Shared\ImGuiSupport\ImGuiTexture.h">
      <Filter>Source Files\Shared\ImGuiSupport</Filter>
    </ClInclude>
    <ClInclude Include="..\..\Source\Vendor\imgui-docking\backends\imgui_impl_dx11.h">
      <Filter>Source Files\Vendor\ImGui\Backend</Filter>
    </ClInclude>
    <ClInclude Include="..\..\Source\Vendor\imgui-docking\backends\imgui_impl_win32.h">
      <Filter>Source Files\Vendor\ImGui\Backend</Filter>
    </ClInclude>
  </ItemGroup>
  <ItemGroup>
    <None Include="..\..\Source\Vendor\chips\ui\README.md">
      <Filter>Source Files\chips\ui</Filter>
    </None>
    <None Include="..\..\Source\Vendor\chips\systems\README.md">
      <Filter>Source Files\chips\systems</Filter>
    </None>
  </ItemGroup>
  <ItemGroup>
    <ResourceCompile Include="SpectrumAnalyser.rc">
      <Filter>Resource Files</Filter>
    </ResourceCompile>
  </ItemGroup>
  <ItemGroup>
    <Image Include="icon1.ico">
      <Filter>Resource Files</Filter>
    </Image>
  </ItemGroup>
</Project>