<?xml version="1.0" encoding="utf-8"?>
<Project ToolsVersion="4.0" xmlns="http://schemas.microsoft.com/developer/msbuild/2003">
  <ItemGroup>
    <Filter Include="Source Files">
      <UniqueIdentifier>{4FC737F1-C7A5-4376-A066-2A32D752A2FF}</UniqueIdentifier>
      <Extensions>cpp;c;cc;cxx;c++;cppm;ixx;def;odl;idl;hpj;bat;asm;asmx</Extensions>
    </Filter>
    <Filter Include="Header Files">
      <UniqueIdentifier>{93995380-89BD-4b04-88EB-625FBE52EBFB}</UniqueIdentifier>
      <Extensions>h;hh;hpp;hxx;h++;hm;inl;inc;ipp;xsd</Extensions>
    </Filter>
    <Filter Include="Resource Files">
      <UniqueIdentifier>{67DA6AB6-F800-4c08-8B7A-83BB121AAD01}</UniqueIdentifier>
      <Extensions>rc;ico;cur;bmp;dlg;rc2;rct;bin;rgs;gif;jpg;jpeg;jpe;resx;tiff;tif;png;wav;mfcribbon-ms</Extensions>
    </Filter>
    <Filter Include="Source Files\UI">
      <UniqueIdentifier>{d451375b-5e4a-4499-8c17-5c258a787434}</UniqueIdentifier>
    </Filter>
    <Filter Include="Source Files\Shared">
      <UniqueIdentifier>{61d6b56e-ca8c-4a28-8029-f5a908fb0f47}</UniqueIdentifier>
    </Filter>
    <Filter Include="Source Files\Vendor">
      <UniqueIdentifier>{0c30e4e6-1eb9-4432-ae10-75b10195aaec}</UniqueIdentifier>
    </Filter>
    <Filter Include="Source Files\Vendor\ImGui">
      <UniqueIdentifier>{3e0a02a9-6b06-4719-8502-9bfdb00e1490}</UniqueIdentifier>
    </Filter>
    <Filter Include="Source Files\Shared\ImGuiSupport">
      <UniqueIdentifier>{48694f47-e423-465e-b57c-86517292a197}</UniqueIdentifier>
    </Filter>
    <Filter Include="Source Files\Vendor\Chips">
      <UniqueIdentifier>{c7999b99-b258-4d82-8d3f-a7daa560a4c5}</UniqueIdentifier>
    </Filter>
    <Filter Include="Source Files\Vendor\Chips\Chips">
      <UniqueIdentifier>{f4678212-79ce-4647-970b-08969322ef5a}</UniqueIdentifier>
    </Filter>
    <Filter Include="Source Files\Vendor\Chips\Systems">
      <UniqueIdentifier>{d605117d-883f-46a7-9b9d-0f00baa7aa42}</UniqueIdentifier>
    </Filter>
    <Filter Include="Source Files\Vendor\Chips\UI">
      <UniqueIdentifier>{e5c1b991-e45c-4ee4-a68d-13d62d92da98}</UniqueIdentifier>
    </Filter>
    <Filter Include="Source Files\Shared\Misc">
      <UniqueIdentifier>{d17edfaa-d59f-4351-83f8-a0a060464401}</UniqueIdentifier>
    </Filter>
    <Filter Include="Source Files\Shared\CodeAnalyser">
      <UniqueIdentifier>{030ee247-4046-4c1a-b630-d97636e0df61}</UniqueIdentifier>
    </Filter>
    <Filter Include="Source Files\Shared\CodeAnalyser\6502">
      <UniqueIdentifier>{51848b59-d336-4be7-8ae3-bd7b7a868905}</UniqueIdentifier>
    </Filter>
    <Filter Include="Source Files\Shared\CodeAnalyser\Z80">
      <UniqueIdentifier>{b73a1659-9e6a-4d3b-8969-d57cc3a411ca}</UniqueIdentifier>
    </Filter>
  </ItemGroup>
  <ItemGroup>
    <ClCompile Include="..\..\..\Source\C64\main.cpp">
      <Filter>Source Files</Filter>
    </ClCompile>
    <ClCompile Include="..\..\..\Source\C64\UI\C64UI.cpp">
      <Filter>Source Files\UI</Filter>
    </ClCompile>
    <ClCompile Include="..\..\..\Source\C64\C64.cpp">
      <Filter>Source Files</Filter>
    </ClCompile>
    <ClCompile Include="..\..\..\Source\Vendor\imgui-docking\imgui_draw.cpp">
      <Filter>Source Files\Vendor\ImGui</Filter>
    </ClCompile>
    <ClCompile Include="..\..\..\Source\Vendor\imgui-docking\imgui_widgets.cpp">
      <Filter>Source Files\Vendor\ImGui</Filter>
    </ClCompile>
    <ClCompile Include="..\..\..\Source\Vendor\imgui-docking\imgui.cpp">
      <Filter>Source Files\Vendor\ImGui</Filter>
    </ClCompile>
    <ClCompile Include="..\..\..\Source\Vendor\imgui-docking\imgui_demo.cpp">
      <Filter>Source Files\Vendor\ImGui</Filter>
    </ClCompile>
    <ClCompile Include="..\..\..\Source\Shared\ImGuiSupport\imgui_impl_win32.cpp">
      <Filter>Source Files\Shared\ImGuiSupport</Filter>
    </ClCompile>
    <ClCompile Include="..\..\..\Source\Shared\ImGuiSupport\imgui_impl_dx11.cpp">
      <Filter>Source Files\Shared\ImGuiSupport</Filter>
    </ClCompile>
    <ClCompile Include="..\..\..\Source\Shared\ImGuiSupport\imgui_impl_lucidextra.cpp">
      <Filter>Source Files\Shared\ImGuiSupport</Filter>
    </ClCompile>
    <ClCompile Include="..\..\..\Source\C64\C64Chips.cpp">
      <Filter>Source Files</Filter>
    </ClCompile>
    <ClCompile Include="..\..\..\Source\Shared\CodeAnalyser\CodeAnalyserUI.cpp">
      <Filter>Source Files\Shared\CodeAnalyser</Filter>
    </ClCompile>
    <ClCompile Include="..\..\..\Source\Shared\CodeAnalyser\CodeToolTips.cpp">
      <Filter>Source Files\Shared\CodeAnalyser</Filter>
    </ClCompile>
    <ClCompile Include="..\..\..\Source\Shared\CodeAnalyser\CodeAnalyser.cpp">
      <Filter>Source Files\Shared\CodeAnalyser</Filter>
    </ClCompile>
    <ClCompile Include="..\..\..\Source\Shared\CodeAnalyser\6502\CodeToolTips6502.cpp">
      <Filter>Source Files\Shared\CodeAnalyser\6502</Filter>
    </ClCompile>
    <ClCompile Include="..\..\..\Source\Shared\CodeAnalyser\6502\CodeAnalyser6502.cpp">
      <Filter>Source Files\Shared\CodeAnalyser\6502</Filter>
    </ClCompile>
    <ClCompile Include="..\..\..\Source\Shared\CodeAnalyser\Z80\CodeToolTipsZ80.cpp">
      <Filter>Source Files\Shared\CodeAnalyser\Z80</Filter>
    </ClCompile>
    <ClCompile Include="..\..\..\Source\Shared\CodeAnalyser\Z80\CodeAnalyserZ80.cpp">
      <Filter>Source Files\Shared\CodeAnalyser\Z80</Filter>
    </ClCompile>
    <ClCompile Include="..\..\..\Source\Vendor\imgui-docking\misc\cpp\imgui_stdlib.cpp">
      <Filter>Source Files\Vendor\ImGui</Filter>
    </ClCompile>
  </ItemGroup>
  <ItemGroup>
    <ClInclude Include="..\..\..\Source\C64\UI\C64UI.h">
      <Filter>Source Files\UI</Filter>
    </ClInclude>
    <ClInclude Include="..\..\..\Source\C64\C64.h">
      <Filter>Source Files</Filter>
    </ClInclude>
    <ClInclude Include="..\..\..\Source\Vendor\imgui-docking\imgui_internal.h">
      <Filter>Source Files\Vendor\ImGui</Filter>
    </ClInclude>
    <ClInclude Include="..\..\..\Source\Vendor\imgui-docking\imstb_rectpack.h">
      <Filter>Source Files\Vendor\ImGui</Filter>
    </ClInclude>
    <ClInclude Include="..\..\..\Source\Vendor\imgui-docking\imstb_textedit.h">
      <Filter>Source Files\Vendor\ImGui</Filter>
    </ClInclude>
    <ClInclude Include="..\..\..\Source\Vendor\imgui-docking\imstb_truetype.h">
      <Filter>Source Files\Vendor\ImGui</Filter>
    </ClInclude>
    <ClInclude Include="..\..\..\Source\Vendor\imgui-docking\imconfig.h">
      <Filter>Source Files\Vendor\ImGui</Filter>
    </ClInclude>
    <ClInclude Include="..\..\..\Source\Vendor\imgui-docking\imgui.h">
      <Filter>Source Files\Vendor\ImGui</Filter>
    </ClInclude>
    <ClInclude Include="..\..\..\Source\Shared\ImGuiSupport\imgui_impl_lucidextra.h">
      <Filter>Source Files\Shared\ImGuiSupport</Filter>
    </ClInclude>
    <ClInclude Include="..\..\..\Source\Shared\ImGuiSupport\imgui_impl_win32.h">
      <Filter>Source Files\Shared\ImGuiSupport</Filter>
    </ClInclude>
    <ClInclude Include="..\..\..\Source\Shared\ImGuiSupport\imgui_impl_dx11.h">
      <Filter>Source Files\Shared\ImGuiSupport</Filter>
    </ClInclude>
    <ClInclude Include="..\..\..\Source\Vendor\chips\chips\am40010.h">
      <Filter>Source Files\Vendor\Chips\Chips</Filter>
    </ClInclude>
    <ClInclude Include="..\..\..\Source\Vendor\chips\chips\ay38910.h">
      <Filter>Source Files\Vendor\Chips\Chips</Filter>
    </ClInclude>
    <ClInclude Include="..\..\..\Source\Vendor\chips\chips\beeper.h">
      <Filter>Source Files\Vendor\Chips\Chips</Filter>
    </ClInclude>
    <ClInclude Include="..\..\..\Source\Vendor\chips\chips\clk.h">
      <Filter>Source Files\Vendor\Chips\Chips</Filter>
    </ClInclude>
    <ClInclude Include="..\..\..\Source\Vendor\chips\chips\fdd.h">
      <Filter>Source Files\Vendor\Chips\Chips</Filter>
    </ClInclude>
    <ClInclude Include="..\..\..\Source\Vendor\chips\chips\fdd_cpc.h">
      <Filter>Source Files\Vendor\Chips\Chips</Filter>
    </ClInclude>
    <ClInclude Include="..\..\..\Source\Vendor\chips\chips\i8255.h">
      <Filter>Source Files\Vendor\Chips\Chips</Filter>
    </ClInclude>
    <ClInclude Include="..\..\..\Source\Vendor\chips\chips\kbd.h">
      <Filter>Source Files\Vendor\Chips\Chips</Filter>
    </ClInclude>
    <ClInclude Include="..\..\..\Source\Vendor\chips\chips\m6502.h">
      <Filter>Source Files\Vendor\Chips\Chips</Filter>
    </ClInclude>
    <ClInclude Include="..\..\..\Source\Vendor\chips\chips\m6522.h">
      <Filter>Source Files\Vendor\Chips\Chips</Filter>
    </ClInclude>
    <ClInclude Include="..\..\..\Source\Vendor\chips\chips\m6526.h">
      <Filter>Source Files\Vendor\Chips\Chips</Filter>
    </ClInclude>
    <ClInclude Include="..\..\..\Source\Vendor\chips\chips\m6569.h">
      <Filter>Source Files\Vendor\Chips\Chips</Filter>
    </ClInclude>
    <ClInclude Include="..\..\..\Source\Vendor\chips\chips\m6581.h">
      <Filter>Source Files\Vendor\Chips\Chips</Filter>
    </ClInclude>
    <ClInclude Include="..\..\..\Source\Vendor\chips\chips\mc6845.h">
      <Filter>Source Files\Vendor\Chips\Chips</Filter>
    </ClInclude>
    <ClInclude Include="..\..\..\Source\Vendor\chips\chips\mc6847.h">
      <Filter>Source Files\Vendor\Chips\Chips</Filter>
    </ClInclude>
    <ClInclude Include="..\..\..\Source\Vendor\chips\chips\mem.h">
      <Filter>Source Files\Vendor\Chips\Chips</Filter>
    </ClInclude>
    <ClInclude Include="..\..\..\Source\Vendor\chips\chips\upd765.h">
      <Filter>Source Files\Vendor\Chips\Chips</Filter>
    </ClInclude>
    <ClInclude Include="..\..\..\Source\Vendor\chips\chips\z80.h">
      <Filter>Source Files\Vendor\Chips\Chips</Filter>
    </ClInclude>
    <ClInclude Include="..\..\..\Source\Vendor\chips\chips\z80ctc.h">
      <Filter>Source Files\Vendor\Chips\Chips</Filter>
    </ClInclude>
    <ClInclude Include="..\..\..\Source\Vendor\chips\chips\z80pio.h">
      <Filter>Source Files\Vendor\Chips\Chips</Filter>
    </ClInclude>
    <ClInclude Include="..\..\..\Source\Vendor\chips\ui\ui_am40010.h">
      <Filter>Source Files\Vendor\Chips\UI</Filter>
    </ClInclude>
    <ClInclude Include="..\..\..\Source\Vendor\chips\ui\ui_atom.h">
      <Filter>Source Files\Vendor\Chips\UI</Filter>
    </ClInclude>
    <ClInclude Include="..\..\..\Source\Vendor\chips\ui\ui_audio.h">
      <Filter>Source Files\Vendor\Chips\UI</Filter>
    </ClInclude>
    <ClInclude Include="..\..\..\Source\Vendor\chips\ui\ui_ay38910.h">
      <Filter>Source Files\Vendor\Chips\UI</Filter>
    </ClInclude>
    <ClInclude Include="..\..\..\Source\Vendor\chips\ui\ui_bombjack.h">
      <Filter>Source Files\Vendor\Chips\UI</Filter>
    </ClInclude>
    <ClInclude Include="..\..\..\Source\Vendor\chips\ui\ui_c64.h">
      <Filter>Source Files\Vendor\Chips\UI</Filter>
    </ClInclude>
    <ClInclude Include="..\..\..\Source\Vendor\chips\ui\ui_chip.h">
      <Filter>Source Files\Vendor\Chips\UI</Filter>
    </ClInclude>
    <ClInclude Include="..\..\..\Source\Vendor\chips\ui\ui_cpc.h">
      <Filter>Source Files\Vendor\Chips\UI</Filter>
    </ClInclude>
    <ClInclude Include="..\..\..\Source\Vendor\chips\ui\ui_dasm.h">
      <Filter>Source Files\Vendor\Chips\UI</Filter>
    </ClInclude>
    <ClInclude Include="..\..\..\Source\Vendor\chips\ui\ui_dbg.h">
      <Filter>Source Files\Vendor\Chips\UI</Filter>
    </ClInclude>
    <ClInclude Include="..\..\..\Source\Vendor\chips\ui\ui_fdd.h">
      <Filter>Source Files\Vendor\Chips\UI</Filter>
    </ClInclude>
    <ClInclude Include="..\..\..\Source\Vendor\chips\ui\ui_i8255.h">
      <Filter>Source Files\Vendor\Chips\UI</Filter>
    </ClInclude>
    <ClInclude Include="..\..\..\Source\Vendor\chips\ui\ui_kbd.h">
      <Filter>Source Files\Vendor\Chips\UI</Filter>
    </ClInclude>
    <ClInclude Include="..\..\..\Source\Vendor\chips\ui\ui_kc85.h">
      <Filter>Source Files\Vendor\Chips\UI</Filter>
    </ClInclude>
    <ClInclude Include="..\..\..\Source\Vendor\chips\ui\ui_kc85sys.h">
      <Filter>Source Files\Vendor\Chips\UI</Filter>
    </ClInclude>
    <ClInclude Include="..\..\..\Source\Vendor\chips\ui\ui_lc80.h">
      <Filter>Source Files\Vendor\Chips\UI</Filter>
    </ClInclude>
    <ClInclude Include="..\..\..\Source\Vendor\chips\ui\ui_m6502.h">
      <Filter>Source Files\Vendor\Chips\UI</Filter>
    </ClInclude>
    <ClInclude Include="..\..\..\Source\Vendor\chips\ui\ui_m6522.h">
      <Filter>Source Files\Vendor\Chips\UI</Filter>
    </ClInclude>
    <ClInclude Include="..\..\..\Source\Vendor\chips\ui\ui_m6526.h">
      <Filter>Source Files\Vendor\Chips\UI</Filter>
    </ClInclude>
    <ClInclude Include="..\..\..\Source\Vendor\chips\ui\ui_m6569.h">
      <Filter>Source Files\Vendor\Chips\UI</Filter>
    </ClInclude>
    <ClInclude Include="..\..\..\Source\Vendor\chips\ui\ui_m6581.h">
      <Filter>Source Files\Vendor\Chips\UI</Filter>
    </ClInclude>
    <ClInclude Include="..\..\..\Source\Vendor\chips\ui\ui_mc6845.h">
      <Filter>Source Files\Vendor\Chips\UI</Filter>
    </ClInclude>
    <ClInclude Include="..\..\..\Source\Vendor\chips\ui\ui_mc6847.h">
      <Filter>Source Files\Vendor\Chips\UI</Filter>
    </ClInclude>
    <ClInclude Include="..\..\..\Source\Vendor\chips\ui\ui_memedit.h">
      <Filter>Source Files\Vendor\Chips\UI</Filter>
    </ClInclude>
    <ClInclude Include="..\..\..\Source\Vendor\chips\ui\ui_memmap.h">
      <Filter>Source Files\Vendor\Chips\UI</Filter>
    </ClInclude>
    <ClInclude Include="..\..\..\Source\Vendor\chips\ui\ui_namco.h">
      <Filter>Source Files\Vendor\Chips\UI</Filter>
    </ClInclude>
    <ClInclude Include="..\..\..\Source\Vendor\chips\ui\ui_upd765.h">
      <Filter>Source Files\Vendor\Chips\UI</Filter>
    </ClInclude>
    <ClInclude Include="..\..\..\Source\Vendor\chips\ui\ui_util.h">
      <Filter>Source Files\Vendor\Chips\UI</Filter>
    </ClInclude>
    <ClInclude Include="..\..\..\Source\Vendor\chips\ui\ui_z1013.h">
      <Filter>Source Files\Vendor\Chips\UI</Filter>
    </ClInclude>
    <ClInclude Include="..\..\..\Source\Vendor\chips\ui\ui_z80.h">
      <Filter>Source Files\Vendor\Chips\UI</Filter>
    </ClInclude>
    <ClInclude Include="..\..\..\Source\Vendor\chips\ui\ui_z80ctc.h">
      <Filter>Source Files\Vendor\Chips\UI</Filter>
    </ClInclude>
    <ClInclude Include="..\..\..\Source\Vendor\chips\ui\ui_z80pio.h">
      <Filter>Source Files\Vendor\Chips\UI</Filter>
    </ClInclude>
    <ClInclude Include="..\..\..\Source\Vendor\chips\ui\ui_z9001.h">
      <Filter>Source Files\Vendor\Chips\UI</Filter>
    </ClInclude>
    <ClInclude Include="..\..\..\Source\Vendor\chips\ui\ui_zx.h">
      <Filter>Source Files\Vendor\Chips\UI</Filter>
    </ClInclude>
    <ClInclude Include="..\..\..\Source\Vendor\chips\systems\atom.h">
      <Filter>Source Files\Vendor\Chips\Systems</Filter>
    </ClInclude>
    <ClInclude Include="..\..\..\Source\Vendor\chips\systems\bombjack.h">
      <Filter>Source Files\Vendor\Chips\Systems</Filter>
    </ClInclude>
    <ClInclude Include="..\..\..\Source\Vendor\chips\systems\c64.h">
      <Filter>Source Files\Vendor\Chips\Systems</Filter>
    </ClInclude>
    <ClInclude Include="..\..\..\Source\Vendor\chips\systems\cpc.h">
      <Filter>Source Files\Vendor\Chips\Systems</Filter>
    </ClInclude>
    <ClInclude Include="..\..\..\Source\Vendor\chips\systems\kc85.h">
      <Filter>Source Files\Vendor\Chips\Systems</Filter>
    </ClInclude>
    <ClInclude Include="..\..\..\Source\Vendor\chips\systems\lc80.h">
      <Filter>Source Files\Vendor\Chips\Systems</Filter>
    </ClInclude>
    <ClInclude Include="..\..\..\Source\Vendor\chips\systems\namco.h">
      <Filter>Source Files\Vendor\Chips\Systems</Filter>
    </ClInclude>
    <ClInclude Include="..\..\..\Source\Vendor\chips\systems\z1013.h">
      <Filter>Source Files\Vendor\Chips\Systems</Filter>
    </ClInclude>
    <ClInclude Include="..\..\..\Source\Vendor\chips\systems\z9001.h">
      <Filter>Source Files\Vendor\Chips\Systems</Filter>
    </ClInclude>
    <ClInclude Include="..\..\..\Source\Vendor\chips\systems\zx.h">
      <Filter>Source Files\Vendor\Chips\Systems</Filter>
    </ClInclude>
    <ClInclude Include="..\..\..\Source\C64\C64Chips.h">
      <Filter>Source Files</Filter>
    </ClInclude>
    <ClInclude Include="..\..\..\Source\Shared\Misc\InputEventHandler.h">
      <Filter>Source Files\Shared\Misc</Filter>
    </ClInclude>
    <ClInclude Include="..\..\..\Source\Shared\CodeAnalyser\CodeAnalyser.h">
      <Filter>Source Files\Shared\CodeAnalyser</Filter>
    </ClInclude>
    <ClInclude Include="..\..\..\Source\Shared\CodeAnalyser\CodeAnalyserUI.h">
      <Filter>Source Files\Shared\CodeAnalyser</Filter>
    </ClInclude>
    <ClInclude Include="..\..\..\Source\Shared\CodeAnalyser\CodeToolTips.h">
      <Filter>Source Files\Shared\CodeAnalyser</Filter>
    </ClInclude>
    <ClInclude Include="..\..\..\Source\Shared\CodeAnalyser\6502\CodeToolTips6502.h">
      <Filter>Source Files\Shared\CodeAnalyser\6502</Filter>
    </ClInclude>
    <ClInclude Include="..\..\..\Source\Shared\CodeAnalyser\6502\CodeAnalyser6502.h">
      <Filter>Source Files\Shared\CodeAnalyser\6502</Filter>
    </ClInclude>
    <ClInclude Include="..\..\..\Source\Shared\CodeAnalyser\Z80\CodeAnalyserZ80.h">
      <Filter>Source Files\Shared\CodeAnalyser\Z80</Filter>
    </ClInclude>
    <ClInclude Include="..\..\..\Source\Shared\CodeAnalyser\Z80\CodeToolTipsZ80.h">
      <Filter>Source Files\Shared\CodeAnalyser\Z80</Filter>
    </ClInclude>
    <ClInclude Include="..\..\..\Source\Vendor\imgui-docking\misc\cpp\imgui_stdlib.h">
      <Filter>Source Files\Vendor\ImGui</Filter>
    </ClInclude>
  </ItemGroup>
</Project>